
Microsoft Visual Studio Solution File, Format Version 12.00
# Visual Studio Version 17
VisualStudioVersion = 17.6.33815.320
MinimumVisualStudioVersion = 10.0.40219.1
Project("{9A19103F-16F7-4668-BE54-9A1E7A4F7556}") = "ElanPalmRejectionToggler", "ElanPalmRejectionToggler.csproj", "{50E47C14-5BC8-477F-ADD5-B986F5CE44D2}"
EndProject
Global
	GlobalSection(SolutionConfigurationPlatforms) = preSolution
		Debug|Any CPU = Debug|Any CPU
		Debug|x64 = Debug|x64
		Release|Any CPU = Release|Any CPU
		Release|x64 = Release|x64
	EndGlobalSection
	GlobalSection(ProjectConfigurationPlatforms) = postSolution
		{50E47C14-5BC8-477F-ADD5-B986F5CE44D2}.Debug|Any CPU.ActiveCfg = Debug|Any CPU
		{50E47C14-5BC8-477F-ADD5-B986F5CE44D2}.Debug|Any CPU.Build.0 = Debug|Any CPU
		{50E47C14-5BC8-477F-ADD5-B986F5CE44D2}.Debug|x64.ActiveCfg = Debug|x64
		{50E47C14-5BC8-477F-ADD5-B986F5CE44D2}.Debug|x64.Build.0 = Debug|x64
		{50E47C14-5BC8-477F-ADD5-B986F5CE44D2}.Release|Any CPU.ActiveCfg = Release|Any CPU
		{50E47C14-5BC8-477F-ADD5-B986F5CE44D2}.Release|Any CPU.Build.0 = Release|Any CPU
		{50E47C14-5BC8-477F-ADD5-B986F5CE44D2}.Release|x64.ActiveCfg = Release|x64
		{50E47C14-5BC8-477F-ADD5-B986F5CE44D2}.Release|x64.Build.0 = Release|x64
	EndGlobalSection
	GlobalSection(SolutionProperties) = preSolution
		HideSolutionNode = FALSE
	EndGlobalSection
	GlobalSection(ExtensibilityGlobals) = postSolution
		SolutionGuid = {4EA241C7-5227-4037-A9F6-2071EC023375}
	EndGlobalSection
EndGlobal
